
Microsoft Visual Studio Solution File, Format Version 12.00
# Visual Studio 15
VisualStudioVersion = 15.0.27130.2027
MinimumVisualStudioVersion = 10.0.40219.1
Project("{FAE04EC0-301F-11D3-BF4B-00C04F79EFBC}") = "OnlineShopping", "OnlineShopping\OnlineShopping.csproj", "{E59B3D12-74FC-4007-88B3-9E39BA21DD73}"
EndProject
Global
	GlobalSection(SolutionConfigurationPlatforms) = preSolution
		Debug|Any CPU = Debug|Any CPU
		Release|Any CPU = Release|Any CPU
	EndGlobalSection
	GlobalSection(ProjectConfigurationPlatforms) = postSolution
		{E59B3D12-74FC-4007-88B3-9E39BA21DD73}.Debug|Any CPU.ActiveCfg = Debug|Any CPU
		{E59B3D12-74FC-4007-88B3-9E39BA21DD73}.Debug|Any CPU.Build.0 = Debug|Any CPU
		{E59B3D12-74FC-4007-88B3-9E39BA21DD73}.Release|Any CPU.ActiveCfg = Release|Any CPU
		{E59B3D12-74FC-4007-88B3-9E39BA21DD73}.Release|Any CPU.Build.0 = Release|Any CPU
	EndGlobalSection
	GlobalSection(SolutionProperties) = preSolution
		HideSolutionNode = FALSE
	EndGlobalSection
	GlobalSection(ExtensibilityGlobals) = postSolution
		SolutionGuid = {0E04626B-6C20-4FC9-A965-27B1CBBA849B}
	EndGlobalSection
EndGlobal
