
Microsoft Visual Studio Solution File, Format Version 12.00
# Visual Studio 15
VisualStudioVersion = 15.0.27130.2027
MinimumVisualStudioVersion = 10.0.40219.1
Project("{FAE04EC0-301F-11D3-BF4B-00C04F79EFBC}") = "OnlineShopping.WebUI", "OnlineShopping.WebUI\OnlineShopping.WebUI.csproj", "{EF561D10-5F57-4793-ACB9-7684B7E85F6F}"
EndProject
Global
	GlobalSection(SolutionConfigurationPlatforms) = preSolution
		Debug|Any CPU = Debug|Any CPU
		Release|Any CPU = Release|Any CPU
	EndGlobalSection
	GlobalSection(ProjectConfigurationPlatforms) = postSolution
		{EF561D10-5F57-4793-ACB9-7684B7E85F6F}.Debug|Any CPU.ActiveCfg = Debug|Any CPU
		{EF561D10-5F57-4793-ACB9-7684B7E85F6F}.Debug|Any CPU.Build.0 = Debug|Any CPU
		{EF561D10-5F57-4793-ACB9-7684B7E85F6F}.Release|Any CPU.ActiveCfg = Release|Any CPU
		{EF561D10-5F57-4793-ACB9-7684B7E85F6F}.Release|Any CPU.Build.0 = Release|Any CPU
	EndGlobalSection
	GlobalSection(SolutionProperties) = preSolution
		HideSolutionNode = FALSE
	EndGlobalSection
	GlobalSection(ExtensibilityGlobals) = postSolution
		SolutionGuid = {85E30CEA-0F23-4DA8-9D44-C6C59CEECF21}
	EndGlobalSection
EndGlobal
